github.com/go-chi/chi v4.0.3-0.20191031103402-221acf29d02b+incompatible h1:Ji9JjCT5HUDnyuUN+28h360rAAWKGnhecvjg/HbLruo=
github.com/go-chi/chi v4.0.3-0.20191031103402-221acf29d02b+incompatible/go.mod h1:eB3wogJHnLi3x/kFX2A+IbTBlXxmMeXJVKy9tTv1XzQ=
github.com/gorilla/securecookie v1.1.1 h1:miw7JPhV+b/lAHSXz4qd/nN9jRiAFV5FwjeKyCS8BvQ=
github.com/gorilla/securecookie v1.1.1/go.mod h1:ra0sb63/xPlUeL+yeDciTfxMRAA+MP+HVt/4epWDjd4=
github.com/jordan-wright/unindexed v0.0.0-20181209214434-78fa79113c0f h1:bYVTBvVHcAYDkH8hyVMRUW7J2mYQNNSmQPXGadYd1nY=
github.com/jordan-wright/unindexed v0.0.0-20181209214434-78fa79113c0f/go.mod h1:eRt05O5haIXGKGodWjpQ2xdgBHTE7hg/pzsukNi9IRA=
github.com/lib/pq v1.2.1-0.20191011153232-f91d3411e481 h1:r9fnMM01mkhtfe6QfLrr/90mBVLnJHge2jGeBvApOjk=
github.com/lib/pq v1.2.1-0.20191011153232-f91d3411e481/go.mod h1:5WUZQaWbwv1U+lTReE5YruASi9Al49XbQIvNi/34Woo=
golang.org/x/crypto v0.0.0-20190308221718-c2843e01d9a2/go.mod h1:djNgcEr1/C05ACkg1iLfiJU5Ep61QUkGW8qpdssI0+w=
golang.org/x/crypto v0.0.0-20191029031824-8986dd9e96cf h1:fnPsqIDRbCSgumaMCRpoIoF2s4qxv0xSSS0BVZUE/ss=
golang.org/x/crypto v0.0.0-20191029031824-8986dd9e96cf/go.mod h1:LzIPMQfyMNhhGPhUkYOs5KpL4U8rLKemX1yGLhDgUto=
golang.org/x/net v0.0.0-20190404232315-eb5bcb51f2a3/go.mod h1:t9HGtf8HONx5eT2rtn7q6eTqICYqUVnKs3thJo3Qplg=
golang.org/x/sys v0.0.0-20190215142949-d0b11bdaac8a/go.mod h1:STP8DvDyc/dI5b8T5hshtkjS+E42TnysNCUPdjciGhY=
golang.org/x/sys v0.0.0-20190412213103-97732733099d/go.mod h1:h1NjWce9XRLGQEsW7wpKNCjG9DtNlClVuFLEZdDNbEs=
golang.org/x/text v0.3.0/go.mod h1:NqM8EUOU14njkJ3fqMW+pc6Ldnwhi/IjpwHt7yyuwOQ=
